
Microsoft Visual Studio Solution File, Format Version 12.00
# Visual Studio Version 17
VisualStudioVersion = 17.2.32616.157
MinimumVisualStudioVersion = 10.0.40219.1
Project("{FAE04EC0-301F-11D3-BF4B-00C04F79EFBC}") = "Softpany", "Softpany\Softpany.csproj", "{40C999A8-3C38-49AC-A88C-A3937A78DC70}"
EndProject
Project("{FAE04EC0-301F-11D3-BF4B-00C04F79EFBC}") = "Softpany.Application", "Softpany.Application\Softpany.Application.csproj", "{390B6A5B-3944-4F51-92C9-2ADF3D5FF0B1}"
EndProject
Project("{FAE04EC0-301F-11D3-BF4B-00C04F79EFBC}") = "Softpany.Domain", "Softpany.Domain\Softpany.Domain.csproj", "{B554F287-1531-4880-9680-D85708CF9701}"
EndProject
Project("{FAE04EC0-301F-11D3-BF4B-00C04F79EFBC}") = "Softpany.Infrastructure.Data", "Softpany.Infrastructure.Data\Softpany.Infrastructure.Data.csproj", "{B7C91CE9-34A6-4A87-B873-BE2CF47E769B}"
EndProject
Project("{FAE04EC0-301F-11D3-BF4B-00C04F79EFBC}") = "Softpany.Infrastructure.IoC", "Softpany.Infrastructure.IoC\Softpany.Infrastructure.IoC.csproj", "{FFD3C4F6-DDBA-47B4-8040-3F9FC5D01708}"
EndProject
Global
	GlobalSection(SolutionConfigurationPlatforms) = preSolution
		Debug|Any CPU = Debug|Any CPU
		Release|Any CPU = Release|Any CPU
	EndGlobalSection
	GlobalSection(ProjectConfigurationPlatforms) = postSolution
		{40C999A8-3C38-49AC-A88C-A3937A78DC70}.Debug|Any CPU.ActiveCfg = Debug|Any CPU
		{40C999A8-3C38-49AC-A88C-A3937A78DC70}.Debug|Any CPU.Build.0 = Debug|Any CPU
		{40C999A8-3C38-49AC-A88C-A3937A78DC70}.Release|Any CPU.ActiveCfg = Release|Any CPU
		{40C999A8-3C38-49AC-A88C-A3937A78DC70}.Release|Any CPU.Build.0 = Release|Any CPU
		{390B6A5B-3944-4F51-92C9-2ADF3D5FF0B1}.Debug|Any CPU.ActiveCfg = Debug|Any CPU
		{390B6A5B-3944-4F51-92C9-2ADF3D5FF0B1}.Debug|Any CPU.Build.0 = Debug|Any CPU
		{390B6A5B-3944-4F51-92C9-2ADF3D5FF0B1}.Release|Any CPU.ActiveCfg = Release|Any CPU
		{390B6A5B-3944-4F51-92C9-2ADF3D5FF0B1}.Release|Any CPU.Build.0 = Release|Any CPU
		{B554F287-1531-4880-9680-D85708CF9701}.Debug|Any CPU.ActiveCfg = Debug|Any CPU
		{B554F287-1531-4880-9680-D85708CF9701}.Debug|Any CPU.Build.0 = Debug|Any CPU
		{B554F287-1531-4880-9680-D85708CF9701}.Release|Any CPU.ActiveCfg = Release|Any CPU
		{B554F287-1531-4880-9680-D85708CF9701}.Release|Any CPU.Build.0 = Release|Any CPU
		{B7C91CE9-34A6-4A87-B873-BE2CF47E769B}.Debug|Any CPU.ActiveCfg = Debug|Any CPU
		{B7C91CE9-34A6-4A87-B873-BE2CF47E769B}.Debug|Any CPU.Build.0 = Debug|Any CPU
		{B7C91CE9-34A6-4A87-B873-BE2CF47E769B}.Release|Any CPU.ActiveCfg = Release|Any CPU
		{B7C91CE9-34A6-4A87-B873-BE2CF47E769B}.Release|Any CPU.Build.0 = Release|Any CPU
		{FFD3C4F6-DDBA-47B4-8040-3F9FC5D01708}.Debug|Any CPU.ActiveCfg = Debug|Any CPU
		{FFD3C4F6-DDBA-47B4-8040-3F9FC5D01708}.Debug|Any CPU.Build.0 = Debug|Any CPU
		{FFD3C4F6-DDBA-47B4-8040-3F9FC5D01708}.Release|Any CPU.ActiveCfg = Release|Any CPU
		{FFD3C4F6-DDBA-47B4-8040-3F9FC5D01708}.Release|Any CPU.Build.0 = Release|Any CPU
	EndGlobalSection
	GlobalSection(SolutionProperties) = preSolution
		HideSolutionNode = FALSE
	EndGlobalSection
	GlobalSection(ExtensibilityGlobals) = postSolution
		SolutionGuid = {CE522EEB-3C94-4C01-ADA0-D7E8C75EC70C}
	EndGlobalSection
EndGlobal
